{
    "_readme": [
        "This file locks the dependencies of your project to a known state",
        "Read more about it at http://getcomposer.org/doc/01-basic-usage.md#composer-lock-the-lock-file",
        "This file is @generated automatically"
    ],
    "hash": "d793bc0f73a73c752291380a3b0b1c85",
    "packages": [
        {
            "name": "jolicode/jolinotif",
            "version": "v1.0.2",
            "source": {
                "type": "git",
                "url": "https://github.com/jolicode/JoliNotif.git",
                "reference": "c49028205d05ab0799eb19d0f6889101f49e382d"
            },
            "dist": {
                "type": "zip",
                "url": "https://api.github.com/repos/jolicode/JoliNotif/zipball/c49028205d05ab0799eb19d0f6889101f49e382d",
                "reference": "c49028205d05ab0799eb19d0f6889101f49e382d",
                "shasum": ""
            },
            "require": {
                "php": ">=5.4.0",
                "symfony/process": "~2.3"
            },
            "require-dev": {
                "fabpot/php-cs-fixer": "~1.5",
                "phpunit/phpunit": "~4.5"
            },
            "type": "library",
            "extra": {
                "branch-alias": {
                    "dev-master": "1.0.x-dev"
                }
            },
            "autoload": {
                "psr-4": {
                    "Joli\\JoliNotif\\": "src/"
                }
            },
            "notification-url": "https://packagist.org/downloads/",
            "license": [
                "MIT"
            ],
            "authors": [
                {
                    "name": "Loïck Piera",
                    "email": "pyrech@gmail.com"
                }
            ],
            "description": "Send desktop notifications on Windows, Linux, MacOS.",
            "keywords": [
                "MAC",
                "growl",
                "linux",
                "notification",
                "windows"
            ],
            "time": "2015-04-13 20:51:18"
        },
        {
            "name": "symfony/process",
            "version": "v2.6.6",
            "target-dir": "Symfony/Component/Process",
            "source": {
                "type": "git",
                "url": "https://github.com/symfony/Process.git",
                "reference": "a8bebaec1a9dc6cde53e0250e32917579b0be552"
            },
            "dist": {
                "type": "zip",
                "url": "https://api.github.com/repos/symfony/Process/zipball/a8bebaec1a9dc6cde53e0250e32917579b0be552",
                "reference": "a8bebaec1a9dc6cde53e0250e32917579b0be552",
                "shasum": ""
            },
            "require": {
                "php": ">=5.3.3"
            },
            "require-dev": {
                "symfony/phpunit-bridge": "~2.7"
            },
            "type": "library",
            "extra": {
                "branch-alias": {
                    "dev-master": "2.6-dev"
                }
            },
            "autoload": {
                "psr-0": {
                    "Symfony\\Component\\Process\\": ""
                }
            },
            "notification-url": "https://packagist.org/downloads/",
            "license": [
                "MIT"
            ],
            "authors": [
                {
                    "name": "Symfony Community",
                    "homepage": "http://symfony.com/contributors"
                },
                {
                    "name": "Fabien Potencier",
                    "email": "fabien@symfony.com"
                }
            ],
            "description": "Symfony Process Component",
            "homepage": "http://symfony.com",
            "time": "2015-03-30 15:54:10"
        }
    ],
    "packages-dev": [],
    "aliases": [],
    "minimum-stability": "stable",
    "stability-flags": [],
    "prefer-stable": false,
    "prefer-lowest": false,
    "platform": [],
    "platform-dev": []
}
